
Microsoft Visual Studio Solution File, Format Version 12.00
# Visual Studio Version 16
VisualStudioVersion = 16.0.29609.76
MinimumVisualStudioVersion = 10.0.40219.1
Project("{FAE04EC0-301F-11D3-BF4B-00C04F79EFBC}") = "Taquin", "Taquin.csproj", "{C554EEB7-744F-4F36-AE16-B56DAEC62626}"
EndProject
Global
	GlobalSection(SolutionConfigurationPlatforms) = preSolution
		Debug|Any CPU = Debug|Any CPU
		Release|Any CPU = Release|Any CPU
	EndGlobalSection
	GlobalSection(ProjectConfigurationPlatforms) = postSolution
		{C554EEB7-744F-4F36-AE16-B56DAEC62626}.Debug|Any CPU.ActiveCfg = Debug|Any CPU
		{C554EEB7-744F-4F36-AE16-B56DAEC62626}.Debug|Any CPU.Build.0 = Debug|Any CPU
		{C554EEB7-744F-4F36-AE16-B56DAEC62626}.Release|Any CPU.ActiveCfg = Release|Any CPU
		{C554EEB7-744F-4F36-AE16-B56DAEC62626}.Release|Any CPU.Build.0 = Release|Any CPU
	EndGlobalSection
	GlobalSection(SolutionProperties) = preSolution
		HideSolutionNode = FALSE
	EndGlobalSection
	GlobalSection(ExtensibilityGlobals) = postSolution
		SolutionGuid = {5ACBCED8-6D99-460C-A7B0-90030BCEFBCA}
	EndGlobalSection
EndGlobal
